dependencies:
- name: nats
  repository: https://charts.bitnami.com/bitnami
  version: 4.4.1
- name: redis
  repository: https://charts.bitnami.com/bitnami
  version: 12.1.0
- name: etcd
  repository: https://charts.bitnami.com/bitnami
  version: 4.8.5
digest: sha256:688d3058f3a01bdf2fd3e922a8cf160734cd22ba7dbb29066064a76a26883e1c
generated: "2020-11-18T19:55:34.377463384Z"
